{
  "nodes": {
    "nixpkgs": {
      "locked": {
        "lastModified": 1714562304,
        "narHash": "sha256-Mr3U37Rh6tH0FbaDFu0aZDwk9mPAe7ASaqDOGgLqqLU=",
        "owner": "NixOS",
        "repo": "nixpkgs",
        "rev": "bcd44e224fd68ce7d269b4f44d24c2220fd821e7",
        "type": "github"
      },
      "original": {
        "owner": "NixOS",
        "ref": "nixpkgs-unstable",
        "repo": "nixpkgs",
        "type": "github"
      }
    },
    "nixpkgs_2": {
      "locked": {
        "lastModified": 1744536153,
        "narHash": "sha256-awS2zRgF4uTwrOKwwiJcByDzDOdo3Q1rPZbiHQg/N38=",
        "owner": "NixOS",
        "repo": "nixpkgs",
        "rev": "18dd725c29603f582cf1900e0d25f9f1063dbf11",
        "type": "github"
      },
      "original": {
        "owner": "NixOS",
        "ref": "nixpkgs-unstable",
        "repo": "nixpkgs",
        "type": "github"
      }
    },
    "root": {
      "inputs": {
        "nixpkgs": "nixpkgs",
        "rust-overlay": "rust-overlay"
      }
    },
    "rust-overlay": {
      "inputs": {
        "nixpkgs": "nixpkgs_2"
      },
      "locked": {
        "lastModified": 1753757591,
        "narHash": "sha256-3okLvry8fRWZhJZP75pPC9P6U1dcu84VOCPhPLXYozI=",
        "owner": "oxalica",
        "repo": "rust-overlay",
        "rev": "b372cf71b4125d420d7648cbd898ab8f5c355be2",
        "type": "github"
      },
      "original": {
        "owner": "oxalica",
        "repo": "rust-overlay",
        "type": "github"
      }
    }
  },
  "root": "root",
  "version": 7
}
